// !$*UTF8*$!
{
	archiveVersion = 1;
	classes = {
	};
	objectVersion = 55;
	objects = {

/* Begin PBXBuildFile section */
		650378D2298ADA6E0065B3CD /* RegisterSong.swift in Sources */ = {isa = PBXBuildFile; fileRef = 650378D1298ADA6E0065B3CD /* RegisterSong.swift */; };
		6506C52429E62AF000CC560A /* SplashScreenView.swift in Sources */ = {isa = PBXBuildFile; fileRef = 6506C52329E62AF000CC560A /* SplashScreenView.swift */; };
		65488798297F3EEF00B8D157 /* playlistApp.swift in Sources */ = {isa = PBXBuildFile; fileRef = 65488797297F3EEF00B8D157 /* playlistApp.swift */; };
		6548879A297F3EEF00B8D157 /* ContentView.swift in Sources */ = {isa = PBXBuildFile; fileRef = 65488799297F3EEF00B8D157 /* ContentView.swift */; };
		6548879C297F3EEF00B8D157 /* Assets.xcassets in Resources */ = {isa = PBXBuildFile; fileRef = 6548879B297F3EEF00B8D157 /* Assets.xcassets */; };
		6548879F297F3EEF00B8D157 /* Preview Assets.xcassets in Resources */ = {isa = PBXBuildFile; fileRef = 6548879E297F3EEF00B8D157 /* Preview Assets.xcassets */; };
		654887A9297F3EEF00B8D157 /* playlistTests.swift in Sources */ = {isa = PBXBuildFile; fileRef = 654887A8297F3EEF00B8D157 /* playlistTests.swift */; };
		654887B3297F3EEF00B8D157 /* playlistUITests.swift in Sources */ = {isa = PBXBuildFile; fileRef = 654887B2297F3EEF00B8D157 /* playlistUITests.swift */; };
		654887B5297F3EEF00B8D157 /* playlistUITestsLaunchTests.swift in Sources */ = {isa = PBXBuildFile; fileRef = 654887B4297F3EEF00B8D157 /* playlistUITestsLaunchTests.swift */; };
		654887C2298063D100B8D157 /* playlistModel.swift in Sources */ = {isa = PBXBuildFile; fileRef = 654887C1298063D100B8D157 /* playlistModel.swift */; };
		654887C42980643800B8D157 /* playlistViewModel.swift in Sources */ = {isa = PBXBuildFile; fileRef = 654887C32980643800B8D157 /* playlistViewModel.swift */; };
		65783AD329D2642E000D7A5B /* AppManager.swift in Sources */ = {isa = PBXBuildFile; fileRef = 65783AD229D2642E000D7A5B /* AppManager.swift */; };
		65783AD529D266C8000D7A5B /* ListView.swift in Sources */ = {isa = PBXBuildFile; fileRef = 65783AD429D266C8000D7A5B /* ListView.swift */; };
		65A170FD29B27A5D00643AAB /* SongView.swift in Sources */ = {isa = PBXBuildFile; fileRef = 65A170FC29B27A5D00643AAB /* SongView.swift */; };
		65A7438C29C52C30008550E0 /* FirebaseAuth in Frameworks */ = {isa = PBXBuildFile; productRef = 65A7438B29C52C30008550E0 /* FirebaseAuth */; };
		65A7438E29C52C9E008550E0 /* LoginViewModel.swift in Sources */ = {isa = PBXBuildFile; fileRef = 65A7438D29C52C9E008550E0 /* LoginViewModel.swift */; };
		65A7439029C53B37008550E0 /* userModel.swift in Sources */ = {isa = PBXBuildFile; fileRef = 65A7438F29C53B37008550E0 /* userModel.swift */; };
		65B6117D298846D800342EF1 /* GoogleService-Info.plist in Resources */ = {isa = PBXBuildFile; fileRef = 65B6117C298846D800342EF1 /* GoogleService-Info.plist */; };
		65B6118029884AA900342EF1 /* FirebaseDatabase in Frameworks */ = {isa = PBXBuildFile; productRef = 65B6117F29884AA900342EF1 /* FirebaseDatabase */; };
		65B6118229884AA900342EF1 /* FirebaseDatabaseSwift in Frameworks */ = {isa = PBXBuildFile; productRef = 65B6118129884AA900342EF1 /* FirebaseDatabaseSwift */; };
		65B6118429884AA900342EF1 /* FirebaseFirestore in Frameworks */ = {isa = PBXBuildFile; productRef = 65B6118329884AA900342EF1 /* FirebaseFirestore */; };
		65B6118629884AA900342EF1 /* FirebaseFirestoreCombine-Community in Frameworks */ = {isa = PBXBuildFile; productRef = 65B6118529884AA900342EF1 /* FirebaseFirestoreCombine-Community */; };
		65B6118829884AA900342EF1 /* FirebaseFirestoreSwift in Frameworks */ = {isa = PBXBuildFile; productRef = 65B6118729884AA900342EF1 /* FirebaseFirestoreSwift */; };
		65D4E737298D748D00A6F31C /* RegisterSongViewModel.swift in Sources */ = {isa = PBXBuildFile; fileRef = 65D4E736298D748D00A6F31C /* RegisterSongViewModel.swift */; };
		65D4E73A298D757F00A6F31C /* FirebaseService.swift in Sources */ = {isa = PBXBuildFile; fileRef = 65D4E739298D757F00A6F31C /* FirebaseService.swift */; };
		65D5B65529BD2B4E00AB7DC5 /* LoginView.swift in Sources */ = {isa = PBXBuildFile; fileRef = 65D5B65429BD2B4E00AB7DC5 /* LoginView.swift */; };
/* End PBXBuildFile section */

/* Begin PBXContainerItemProxy section */
		654887A5297F3EEF00B8D157 /* PBXContainerItemProxy */ = {
			isa = PBXContainerItemProxy;
			containerPortal = 6548878C297F3EEF00B8D157 /* Project object */;
			proxyType = 1;
			remoteGlobalIDString = 65488793297F3EEF00B8D157;
			remoteInfo = playlist;
		};
		654887AF297F3EEF00B8D157 /* PBXContainerItemProxy */ = {
			isa = PBXContainerItemProxy;
			containerPortal = 6548878C297F3EEF00B8D157 /* Project object */;
			proxyType = 1;
			remoteGlobalIDString = 65488793297F3EEF00B8D157;
			remoteInfo = playlist;
		};
/* End PBXContainerItemProxy section */

/* Begin PBXFileReference section */
		650378D1298ADA6E0065B3CD /* RegisterSong.swift */ = {isa = PBXFileReference; lastKnownFileType = sourcecode.swift; path = RegisterSong.swift; sourceTree = "<group>"; };
		6506C52329E62AF000CC560A /* SplashScreenView.swift */ = {isa = PBXFileReference; lastKnownFileType = sourcecode.swift; path = SplashScreenView.swift; sourceTree = "<group>"; };
		65488794297F3EEF00B8D157 /* playlist.app */ = {isa = PBXFileReference; explicitFileType = wrapper.application; includeInIndex = 0; path = playlist.app; sourceTree = BUILT_PRODUCTS_DIR; };
		65488797297F3EEF00B8D157 /* playlistApp.swift */ = {isa = PBXFileReference; lastKnownFileType = sourcecode.swift; path = playlistApp.swift; sourceTree = "<group>"; };
		65488799297F3EEF00B8D157 /* ContentView.swift */ = {isa = PBXFileReference; lastKnownFileType = sourcecode.swift; path = ContentView.swift; sourceTree = "<group>"; };
		6548879B297F3EEF00B8D157 /* Assets.xcassets */ = {isa = PBXFileReference; lastKnownFileType = folder.assetcatalog; path = Assets.xcassets; sourceTree = "<group>"; };
		6548879E297F3EEF00B8D157 /* Preview Assets.xcassets */ = {isa = PBXFileReference; lastKnownFileType = folder.assetcatalog; path = "Preview Assets.xcassets"; sourceTree = "<group>"; };
		654887A4297F3EEF00B8D157 /* playlistTests.xctest */ = {isa = PBXFileReference; explicitFileType = wrapper.cfbundle; includeInIndex = 0; path = playlistTests.xctest; sourceTree = BUILT_PRODUCTS_DIR; };
		654887A8297F3EEF00B8D157 /* playlistTests.swift */ = {isa = PBXFileReference; lastKnownFileType = sourcecode.swift; path = playlistTests.swift; sourceTree = "<group>"; };
		654887AE297F3EEF00B8D157 /* playlistUITests.xctest */ = {isa = PBXFileReference; explicitFileType = wrapper.cfbundle; includeInIndex = 0; path = playlistUITests.xctest; sourceTree = BUILT_PRODUCTS_DIR; };
		654887B2297F3EEF00B8D157 /* playlistUITests.swift */ = {isa = PBXFileReference; lastKnownFileType = sourcecode.swift; path = playlistUITests.swift; sourceTree = "<group>"; };
		654887B4297F3EEF00B8D157 /* playlistUITestsLaunchTests.swift */ = {isa = PBXFileReference; lastKnownFileType = sourcecode.swift; path = playlistUITestsLaunchTests.swift; sourceTree = "<group>"; };
		654887C1298063D100B8D157 /* playlistModel.swift */ = {isa = PBXFileReference; lastKnownFileType = sourcecode.swift; path = playlistModel.swift; sourceTree = "<group>"; };
		654887C32980643800B8D157 /* playlistViewModel.swift */ = {isa = PBXFileReference; lastKnownFileType = sourcecode.swift; path = playlistViewModel.swift; sourceTree = "<group>"; };
		65783AD229D2642E000D7A5B /* AppManager.swift */ = {isa = PBXFileReference; lastKnownFileType = sourcecode.swift; path = AppManager.swift; sourceTree = "<group>"; };
		65783AD429D266C8000D7A5B /* ListView.swift */ = {isa = PBXFileReference; lastKnownFileType = sourcecode.swift; path = ListView.swift; sourceTree = "<group>"; };
		65A170FC29B27A5D00643AAB /* SongView.swift */ = {isa = PBXFileReference; lastKnownFileType = sourcecode.swift; path = SongView.swift; sourceTree = "<group>"; };
		65A7438D29C52C9E008550E0 /* LoginViewModel.swift */ = {isa = PBXFileReference; lastKnownFileType = sourcecode.swift; path = LoginViewModel.swift; sourceTree = "<group>"; };
		65A7438F29C53B37008550E0 /* userModel.swift */ = {isa = PBXFileReference; lastKnownFileType = sourcecode.swift; path = userModel.swift; sourceTree = "<group>"; };
		65B6117C298846D800342EF1 /* GoogleService-Info.plist */ = {isa = PBXFileReference; fileEncoding = 4; lastKnownFileType = text.plist.xml; name = "GoogleService-Info.plist"; path = "../../../Downloads/GoogleService-Info.plist"; sourceTree = "<group>"; };
		65D4E736298D748D00A6F31C /* RegisterSongViewModel.swift */ = {isa = PBXFileReference; lastKnownFileType = sourcecode.swift; path = RegisterSongViewModel.swift; sourceTree = "<group>"; };
		65D4E739298D757F00A6F31C /* FirebaseService.swift */ = {isa = PBXFileReference; lastKnownFileType = sourcecode.swift; path = FirebaseService.swift; sourceTree = "<group>"; };
		65D5B65429BD2B4E00AB7DC5 /* LoginView.swift */ = {isa = PBXFileReference; lastKnownFileType = sourcecode.swift; path = LoginView.swift; sourceTree = "<group>"; };
/* End PBXFileReference section */

/* Begin PBXFrameworksBuildPhase section */
		65488791297F3EEF00B8D157 /* Frameworks */ = {
			isa = PBXFrameworksBuildPhase;
			buildActionMask = 2147483647;
			files = (
				65B6118829884AA900342EF1 /* FirebaseFirestoreSwift in Frameworks */,
				65A7438C29C52C30008550E0 /* FirebaseAuth in Frameworks */,
				65B6118229884AA900342EF1 /* FirebaseDatabaseSwift in Frameworks */,
				65B6118629884AA900342EF1 /* FirebaseFirestoreCombine-Community in Frameworks */,
				65B6118029884AA900342EF1 /* FirebaseDatabase in Frameworks */,
				65B6118429884AA900342EF1 /* FirebaseFirestore in Frameworks */,
			);
			runOnlyForDeploymentPostprocessing = 0;
		};
		654887A1297F3EEF00B8D157 /* Frameworks */ = {
			isa = PBXFrameworksBuildPhase;
			buildActionMask = 2147483647;
			files = (
			);
			runOnlyForDeploymentPostprocessing = 0;
		};
		654887AB297F3EEF00B8D157 /* Frameworks */ = {
			isa = PBXFrameworksBuildPhase;
			buildActionMask = 2147483647;
			files = (
			);
			runOnlyForDeploymentPostprocessing = 0;
		};
/* End PBXFrameworksBuildPhase section */

/* Begin PBXGroup section */
		6530847B298AD67B0008F382 /* Model */ = {
			isa = PBXGroup;
			children = (
				654887C1298063D100B8D157 /* playlistModel.swift */,
				65A7438F29C53B37008550E0 /* userModel.swift */,
			);
			path = Model;
			sourceTree = "<group>";
		};
		6530847C298AD7140008F382 /* View */ = {
			isa = PBXGroup;
			children = (
				65488799297F3EEF00B8D157 /* ContentView.swift */,
				650378D1298ADA6E0065B3CD /* RegisterSong.swift */,
				65A170FC29B27A5D00643AAB /* SongView.swift */,
				65D5B65429BD2B4E00AB7DC5 /* LoginView.swift */,
				65783AD429D266C8000D7A5B /* ListView.swift */,
				6506C52329E62AF000CC560A /* SplashScreenView.swift */,
			);
			path = View;
			sourceTree = "<group>";
		};
		6530847D298AD7190008F382 /* ViewModel */ = {
			isa = PBXGroup;
			children = (
				654887C32980643800B8D157 /* playlistViewModel.swift */,
				65D4E736298D748D00A6F31C /* RegisterSongViewModel.swift */,
				65A7438D29C52C9E008550E0 /* LoginViewModel.swift */,
			);
			path = ViewModel;
			sourceTree = "<group>";
		};
		6548878B297F3EEF00B8D157 = {
			isa = PBXGroup;
			children = (
				65488796297F3EEF00B8D157 /* playlist */,
				654887A7297F3EEF00B8D157 /* playlistTests */,
				654887B1297F3EEF00B8D157 /* playlistUITests */,
				65488795297F3EEF00B8D157 /* Products */,
				65A7438A29C52C30008550E0 /* Frameworks */,
			);
			sourceTree = "<group>";
		};
		65488795297F3EEF00B8D157 /* Products */ = {
			isa = PBXGroup;
			children = (
				65488794297F3EEF00B8D157 /* playlist.app */,
				654887A4297F3EEF00B8D157 /* playlistTests.xctest */,
				654887AE297F3EEF00B8D157 /* playlistUITests.xctest */,
			);
			name = Products;
			sourceTree = "<group>";
		};
		65488796297F3EEF00B8D157 /* playlist */ = {
			isa = PBXGroup;
			children = (
				65D4E738298D756300A6F31C /* Service */,
				6530847D298AD7190008F382 /* ViewModel */,
				6530847C298AD7140008F382 /* View */,
				6530847B298AD67B0008F382 /* Model */,
				65488797297F3EEF00B8D157 /* playlistApp.swift */,
				6548879B297F3EEF00B8D157 /* Assets.xcassets */,
				65B6117C298846D800342EF1 /* GoogleService-Info.plist */,
				6548879D297F3EEF00B8D157 /* Preview Content */,
				65783AD229D2642E000D7A5B /* AppManager.swift */,
			);
			path = playlist;
			sourceTree = "<group>";
		};
		6548879D297F3EEF00B8D157 /* Preview Content */ = {
			isa = PBXGroup;
			children = (
				6548879E297F3EEF00B8D157 /* Preview Assets.xcassets */,
			);
			path = "Preview Content";
			sourceTree = "<group>";
		};
		654887A7297F3EEF00B8D157 /* playlistTests */ = {
			isa = PBXGroup;
			children = (
				654887A8297F3EEF00B8D157 /* playlistTests.swift */,
			);
			path = playlistTests;
			sourceTree = "<group>";
		};
		654887B1297F3EEF00B8D157 /* playlistUITests */ = {
			isa = PBXGroup;
			children = (
				654887B2297F3EEF00B8D157 /* playlistUITests.swift */,
				654887B4297F3EEF00B8D157 /* playlistUITestsLaunchTests.swift */,
			);
			path = playlistUITests;
			sourceTree = "<group>";
		};
		65A7438A29C52C30008550E0 /* Frameworks */ = {
			isa = PBXGroup;
			children = (
			);
			name = Frameworks;
			sourceTree = "<group>";
		};
		65D4E738298D756300A6F31C /* Service */ = {
			isa = PBXGroup;
			children = (
				65D4E739298D757F00A6F31C /* FirebaseService.swift */,
			);
			path = Service;
			sourceTree = "<group>";
		};
/* End PBXGroup section */

/* Begin PBXNativeTarget section */
		65488793297F3EEF00B8D157 /* playlist */ = {
			isa = PBXNativeTarget;
			buildConfigurationList = 654887B8297F3EEF00B8D157 /* Build configuration list for PBXNativeTarget "playlist" */;
			buildPhases = (
				65488790297F3EEF00B8D157 /* Sources */,
				65488791297F3EEF00B8D157 /* Frameworks */,
				65488792297F3EEF00B8D157 /* Resources */,
			);
			buildRules = (
			);
			dependencies = (
			);
			name = playlist;
			packageProductDependencies = (
				65B6117F29884AA900342EF1 /* FirebaseDatabase */,
				65B6118129884AA900342EF1 /* FirebaseDatabaseSwift */,
				65B6118329884AA900342EF1 /* FirebaseFirestore */,
				65B6118529884AA900342EF1 /* FirebaseFirestoreCombine-Community */,
				65B6118729884AA900342EF1 /* FirebaseFirestoreSwift */,
				65A7438B29C52C30008550E0 /* FirebaseAuth */,
			);
			productName = playlist;
			productReference = 65488794297F3EEF00B8D157 /* playlist.app */;
			productType = "com.apple.product-type.application";
		};
		654887A3297F3EEF00B8D157 /* playlistTests */ = {
			isa = PBXNativeTarget;
			buildConfigurationList = 654887BB297F3EEF00B8D157 /* Build configuration list for PBXNativeTarget "playlistTests" */;
			buildPhases = (
				654887A0297F3EEF00B8D157 /* Sources */,
				654887A1297F3EEF00B8D157 /* Frameworks */,
				654887A2297F3EEF00B8D157 /* Resources */,
			);
			buildRules = (
			);
			dependencies = (
				654887A6297F3EEF00B8D157 /* PBXTargetDependency */,
			);
			name = playlistTests;
			productName = playlistTests;
			productReference = 654887A4297F3EEF00B8D157 /* playlistTests.xctest */;
			productType = "com.apple.product-type.bundle.unit-test";
		};
		654887AD297F3EEF00B8D157 /* playlistUITests */ = {
			isa = PBXNativeTarget;
			buildConfigurationList = 654887BE297F3EEF00B8D157 /* Build configuration list for PBXNativeTarget "playlistUITests" */;
			buildPhases = (
				654887AA297F3EEF00B8D157 /* Sources */,
				654887AB297F3EEF00B8D157 /* Frameworks */,
				654887AC297F3EEF00B8D157 /* Resources */,
			);
			buildRules = (
			);
			dependencies = (
				654887B0297F3EEF00B8D157 /* PBXTargetDependency */,
			);
			name = playlistUITests;
			productName = playlistUITests;
			productReference = 654887AE297F3EEF00B8D157 /* playlistUITests.xctest */;
			productType = "com.apple.product-type.bundle.ui-testing";
		};
/* End PBXNativeTarget section */

/* Begin PBXProject section */
		6548878C297F3EEF00B8D157 /* Project object */ = {
			isa = PBXProject;
			attributes = {
				BuildIndependentTargetsInParallel = 1;
				LastSwiftUpdateCheck = 1340;
				LastUpgradeCheck = 1340;
				TargetAttributes = {
					65488793297F3EEF00B8D157 = {
						CreatedOnToolsVersion = 13.4.1;
					};
					654887A3297F3EEF00B8D157 = {
						CreatedOnToolsVersion = 13.4.1;
						TestTargetID = 65488793297F3EEF00B8D157;
					};
					654887AD297F3EEF00B8D157 = {
						CreatedOnToolsVersion = 13.4.1;
						TestTargetID = 65488793297F3EEF00B8D157;
					};
				};
			};
			buildConfigurationList = 6548878F297F3EEF00B8D157 /* Build configuration list for PBXProject "playlist" */;
			compatibilityVersion = "Xcode 13.0";
			developmentRegion = en;
			hasScannedForEncodings = 0;
			knownRegions = (
				en,
				Base,
			);
			mainGroup = 6548878B297F3EEF00B8D157;
			packageReferences = (
				65B6117E29884AA900342EF1 /* XCRemoteSwiftPackageReference "firebase-ios-sdk" */,
			);
			productRefGroup = 65488795297F3EEF00B8D157 /* Products */;
			projectDirPath = "";
			projectRoot = "";
			targets = (
				65488793297F3EEF00B8D157 /* playlist */,
				654887A3297F3EEF00B8D157 /* playlistTests */,
				654887AD297F3EEF00B8D157 /* playlistUITests */,
			);
		};
/* End PBXProject section */

/* Begin PBXResourcesBuildPhase section */
		65488792297F3EEF00B8D157 /* Resources */ = {
			isa = PBXResourcesBuildPhase;
			buildActionMask = 2147483647;
			files = (
				6548879F297F3EEF00B8D157 /* Preview Assets.xcassets in Resources */,
				6548879C297F3EEF00B8D157 /* Assets.xcassets in Resources */,
				65B6117D298846D800342EF1 /* GoogleService-Info.plist in Resources */,
			);
			runOnlyForDeploymentPostprocessing = 0;
		};
		654887A2297F3EEF00B8D157 /* Resources */ = {
			isa = PBXResourcesBuildPhase;
			buildActionMask = 2147483647;
			files = (
			);
			runOnlyForDeploymentPostprocessing = 0;
		};
		654887AC297F3EEF00B8D157 /* Resources */ = {
			isa = PBXResourcesBuildPhase;
			buildActionMask = 2147483647;
			files = (
			);
			runOnlyForDeploymentPostprocessing = 0;
		};
/* End PBXResourcesBuildPhase section */

/* Begin PBXSourcesBuildPhase section */
		65488790297F3EEF00B8D157 /* Sources */ = {
			isa = PBXSourcesBuildPhase;
			buildActionMask = 2147483647;
			files = (
				65D4E737298D748D00A6F31C /* RegisterSongViewModel.swift in Sources */,
				65783AD529D266C8000D7A5B /* ListView.swift in Sources */,
				654887C42980643800B8D157 /* playlistViewModel.swift in Sources */,
				654887C2298063D100B8D157 /* playlistModel.swift in Sources */,
				65783AD329D2642E000D7A5B /* AppManager.swift in Sources */,
				65A170FD29B27A5D00643AAB /* SongView.swift in Sources */,
				650378D2298ADA6E0065B3CD /* RegisterSong.swift in Sources */,
				6506C52429E62AF000CC560A /* SplashScreenView.swift in Sources */,
				65D4E73A298D757F00A6F31C /* FirebaseService.swift in Sources */,
				65D5B65529BD2B4E00AB7DC5 /* LoginView.swift in Sources */,
				65A7439029C53B37008550E0 /* userModel.swift in Sources */,
				6548879A297F3EEF00B8D157 /* ContentView.swift in Sources */,
				65A7438E29C52C9E008550E0 /* LoginViewModel.swift in Sources */,
				65488798297F3EEF00B8D157 /* playlistApp.swift in Sources */,
			);
			runOnlyForDeploymentPostprocessing = 0;
		};
		654887A0297F3EEF00B8D157 /* Sources */ = {
			isa = PBXSourcesBuildPhase;
			buildActionMask = 2147483647;
			files = (
				654887A9297F3EEF00B8D157 /* playlistTests.swift in Sources */,
			);
			runOnlyForDeploymentPostprocessing = 0;
		};
		654887AA297F3EEF00B8D157 /* Sources */ = {
			isa = PBXSourcesBuildPhase;
			buildActionMask = 2147483647;
			files = (
				654887B5297F3EEF00B8D157 /* playlistUITestsLaunchTests.swift in Sources */,
				654887B3297F3EEF00B8D157 /* playlistUITests.swift in Sources */,
			);
			runOnlyForDeploymentPostprocessing = 0;
		};
/* End PBXSourcesBuildPhase section */

/* Begin PBXTargetDependency section */
		654887A6297F3EEF00B8D157 /* PBXTargetDependency */ = {
			isa = PBXTargetDependency;
			target = 65488793297F3EEF00B8D157 /* playlist */;
			targetProxy = 654887A5297F3EEF00B8D157 /* PBXContainerItemProxy */;
		};
		654887B0297F3EEF00B8D157 /* PBXTargetDependency */ = {
			isa = PBXTargetDependency;
			target = 65488793297F3EEF00B8D157 /* playlist */;
			targetProxy = 654887AF297F3EEF00B8D157 /* PBXContainerItemProxy */;
		};
/* End PBXTargetDependency section */

/* Begin XCBuildConfiguration section */
		654887B6297F3EEF00B8D157 /* Debug */ = {
			isa = XCBuildConfiguration;
			buildSettings = {
				ALWAYS_SEARCH_USER_PATHS = NO;
				CLANG_ANALYZER_NONNULL = YES;
				CLANG_ANALYZER_NUMBER_OBJECT_CONVERSION = YES_AGGRESSIVE;
				CLANG_CXX_LANGUAGE_STANDARD = "gnu++17";
				CLANG_ENABLE_MODULES = YES;
				CLANG_ENABLE_OBJC_ARC = YES;
				CLANG_ENABLE_OBJC_WEAK = YES;
				CLANG_WARN_BLOCK_CAPTURE_AUTORELEASING = YES;
				CLANG_WARN_BOOL_CONVERSION = YES;
				CLANG_WARN_COMMA = YES;
				CLANG_WARN_CONSTANT_CONVERSION = YES;
				CLANG_WARN_DEPRECATED_OBJC_IMPLEMENTATIONS = YES;
				CLANG_WARN_DIRECT_OBJC_ISA_USAGE = YES_ERROR;
				CLANG_WARN_DOCUMENTATION_COMMENTS = YES;
				CLANG_WARN_EMPTY_BODY = YES;
				CLANG_WARN_ENUM_CONVERSION = YES;
				CLANG_WARN_INFINITE_RECURSION = YES;
				CLANG_WARN_INT_CONVERSION = YES;
				CLANG_WARN_NON_LITERAL_NULL_CONVERSION = YES;
				CLANG_WARN_OBJC_IMPLICIT_RETAIN_SELF = YES;
				CLANG_WARN_OBJC_LITERAL_CONVERSION = YES;
				CLANG_WARN_OBJC_ROOT_CLASS = YES_ERROR;
				CLANG_WARN_QUOTED_INCLUDE_IN_FRAMEWORK_HEADER = YES;
				CLANG_WARN_RANGE_LOOP_ANALYSIS = YES;
				CLANG_WARN_STRICT_PROTOTYPES = YES;
				CLANG_WARN_SUSPICIOUS_MOVE = YES;
				CLANG_WARN_UNGUARDED_AVAILABILITY = YES_AGGRESSIVE;
				CLANG_WARN_UNREACHABLE_CODE = YES;
				CLANG_WARN__DUPLICATE_METHOD_MATCH = YES;
				COPY_PHASE_STRIP = NO;
				DEBUG_INFORMATION_FORMAT = dwarf;
				ENABLE_STRICT_OBJC_MSGSEND = YES;
				ENABLE_TESTABILITY = YES;
				GCC_C_LANGUAGE_STANDARD = gnu11;
				GCC_DYNAMIC_NO_PIC = NO;
				GCC_NO_COMMON_BLOCKS = YES;
				GCC_OPTIMIZATION_LEVEL = 0;
				GCC_PREPROCESSOR_DEFINITIONS = (
					"DEBUG=1",
					"$(inherited)",
				);
				GCC_WARN_64_TO_32_BIT_CONVERSION = YES;
				GCC_WARN_ABOUT_RETURN_TYPE = YES_ERROR;
				GCC_WARN_UNDECLARED_SELECTOR = YES;
				GCC_WARN_UNINITIALIZED_AUTOS = YES_AGGRESSIVE;
				GCC_WARN_UNUSED_FUNCTION = YES;
				GCC_WARN_UNUSED_VARIABLE = YES;
				IPHONEOS_DEPLOYMENT_TARGET = 15.5;
				MTL_ENABLE_DEBUG_INFO = INCLUDE_SOURCE;
				MTL_FAST_MATH = YES;
				ONLY_ACTIVE_ARCH = YES;
				SDKROOT = iphoneos;
				SWIFT_ACTIVE_COMPILATION_CONDITIONS = DEBUG;
				SWIFT_OPTIMIZATION_LEVEL = "-Onone";
			};
			name = Debug;
		};
		654887B7297F3EEF00B8D157 /* Release */ = {
			isa = XCBuildConfiguration;
			buildSettings = {
				ALWAYS_SEARCH_USER_PATHS = NO;
				CLANG_ANALYZER_NONNULL = YES;
				CLANG_ANALYZER_NUMBER_OBJECT_CONVERSION = YES_AGGRESSIVE;
				CLANG_CXX_LANGUAGE_STANDARD = "gnu++17";
				CLANG_ENABLE_MODULES = YES;
				CLANG_ENABLE_OBJC_ARC = YES;
				CLANG_ENABLE_OBJC_WEAK = YES;
				CLANG_WARN_BLOCK_CAPTURE_AUTORELEASING = YES;
				CLANG_WARN_BOOL_CONVERSION = YES;
				CLANG_WARN_COMMA = YES;
				CLANG_WARN_CONSTANT_CONVERSION = YES;
				CLANG_WARN_DEPRECATED_OBJC_IMPLEMENTATIONS = YES;
				CLANG_WARN_DIRECT_OBJC_ISA_USAGE = YES_ERROR;
				CLANG_WARN_DOCUMENTATION_COMMENTS = YES;
				CLANG_WARN_EMPTY_BODY = YES;
				CLANG_WARN_ENUM_CONVERSION = YES;
				CLANG_WARN_INFINITE_RECURSION = YES;
				CLANG_WARN_INT_CONVERSION = YES;
				CLANG_WARN_NON_LITERAL_NULL_CONVERSION = YES;
				CLANG_WARN_OBJC_IMPLICIT_RETAIN_SELF = YES;
				CLANG_WARN_OBJC_LITERAL_CONVERSION = YES;
				CLANG_WARN_OBJC_ROOT_CLASS = YES_ERROR;
				CLANG_WARN_QUOTED_INCLUDE_IN_FRAMEWORK_HEADER = YES;
				CLANG_WARN_RANGE_LOOP_ANALYSIS = YES;
				CLANG_WARN_STRICT_PROTOTYPES = YES;
				CLANG_WARN_SUSPICIOUS_MOVE = YES;
				CLANG_WARN_UNGUARDED_AVAILABILITY = YES_AGGRESSIVE;
				CLANG_WARN_UNREACHABLE_CODE = YES;
				CLANG_WARN__DUPLICATE_METHOD_MATCH = YES;
				COPY_PHASE_STRIP = NO;
				DEBUG_INFORMATION_FORMAT = "dwarf-with-dsym";
				ENABLE_NS_ASSERTIONS = NO;
				ENABLE_STRICT_OBJC_MSGSEND = YES;
				GCC_C_LANGUAGE_STANDARD = gnu11;
				GCC_NO_COMMON_BLOCKS = YES;
				GCC_WARN_64_TO_32_BIT_CONVERSION = YES;
				GCC_WARN_ABOUT_RETURN_TYPE = YES_ERROR;
				GCC_WARN_UNDECLARED_SELECTOR = YES;
				GCC_WARN_UNINITIALIZED_AUTOS = YES_AGGRESSIVE;
				GCC_WARN_UNUSED_FUNCTION = YES;
				GCC_WARN_UNUSED_VARIABLE = YES;
				IPHONEOS_DEPLOYMENT_TARGET = 15.5;
				MTL_ENABLE_DEBUG_INFO = NO;
				MTL_FAST_MATH = YES;
				SDKROOT = iphoneos;
				SWIFT_COMPILATION_MODE = wholemodule;
				SWIFT_OPTIMIZATION_LEVEL = "-O";
				VALIDATE_PRODUCT = YES;
			};
			name = Release;
		};
		654887B9297F3EEF00B8D157 /* Debug */ = {
			isa = XCBuildConfiguration;
			buildSettings = {
				ASSETCATALOG_COMPILER_APPICON_NAME = AppIcon;
				ASSETCATALOG_COMPILER_GLOBAL_ACCENT_COLOR_NAME = AccentColor;
				ASSETCATALOG_COMPILER_INCLUDE_ALL_APPICON_ASSETS = YES;
				CODE_SIGN_STYLE = Automatic;
				CURRENT_PROJECT_VERSION = 1;
				DEVELOPMENT_ASSET_PATHS = "\"playlist/Preview Content\"";
				DEVELOPMENT_TEAM = S357R5N2VM;
				ENABLE_PREVIEWS = YES;
				GENERATE_INFOPLIST_FILE = YES;
				INFOPLIST_KEY_UIApplicationSceneManifest_Generation = YES;
				INFOPLIST_KEY_UIApplicationSupportsIndirectInputEvents = YES;
				INFOPLIST_KEY_UILaunchScreen_Generation = YES;
				INFOPLIST_KEY_UISupportedInterfaceOrientations_iPad = "UIInterfaceOrientationPortrait UIInterfaceOrientationPortraitUpsideDown UIInterfaceOrientationLandscapeLeft UIInterfaceOrientationLandscapeRight";
				INFOPLIST_KEY_UISupportedInterfaceOrientations_iPhone = "UIInterfaceOrientationPortrait UIInterfaceOrientationLandscapeLeft UIInterfaceOrientationLandscapeRight";
				LD_RUNPATH_SEARCH_PATHS = (
					"$(inherited)",
					"@executable_path/Frameworks",
				);
				MARKETING_VERSION = 1.0;
				PRODUCT_BUNDLE_IDENTIFIER = com.falkaniere.playlist;
				PRODUCT_NAME = "$(TARGET_NAME)";
				SWIFT_EMIT_LOC_STRINGS = YES;
				SWIFT_VERSION = 5.0;
				TARGETED_DEVICE_FAMILY = "1,2";
			};
			name = Debug;
		};
		654887BA297F3EEF00B8D157 /* Release */ = {
			isa = XCBuildConfiguration;
			buildSettings = {
				ASSETCATALOG_COMPILER_APPICON_NAME = AppIcon;
				ASSETCATALOG_COMPILER_GLOBAL_ACCENT_COLOR_NAME = AccentColor;
				ASSETCATALOG_COMPILER_INCLUDE_ALL_APPICON_ASSETS = YES;
				CODE_SIGN_STYLE = Automatic;
				CURRENT_PROJECT_VERSION = 1;
				DEVELOPMENT_ASSET_PATHS = "\"playlist/Preview Content\"";
				DEVELOPMENT_TEAM = S357R5N2VM;
				ENABLE_PREVIEWS = YES;
				GENERATE_INFOPLIST_FILE = YES;
				INFOPLIST_KEY_UIApplicationSceneManifest_Generation = YES;
				INFOPLIST_KEY_UIApplicationSupportsIndirectInputEvents = YES;
				INFOPLIST_KEY_UILaunchScreen_Generation = YES;
				INFOPLIST_KEY_UISupportedInterfaceOrientations_iPad = "UIInterfaceOrientationPortrait UIInterfaceOrientationPortraitUpsideDown UIInterfaceOrientationLandscapeLeft UIInterfaceOrientationLandscapeRight";
				INFOPLIST_KEY_UISupportedInterfaceOrientations_iPhone = "UIInterfaceOrientationPortrait UIInterfaceOrientationLandscapeLeft UIInterfaceOrientationLandscapeRight";
				LD_RUNPATH_SEARCH_PATHS = (
					"$(inherited)",
					"@executable_path/Frameworks",
				);
				MARKETING_VERSION = 1.0;
				PRODUCT_BUNDLE_IDENTIFIER = com.falkaniere.playlist;
				PRODUCT_NAME = "$(TARGET_NAME)";
				SWIFT_EMIT_LOC_STRINGS = YES;
				SWIFT_VERSION = 5.0;
				TARGETED_DEVICE_FAMILY = "1,2";
			};
			name = Release;
		};
		654887BC297F3EEF00B8D157 /* Debug */ = {
			isa = XCBuildConfiguration;
			buildSettings = {
				ALWAYS_EMBED_SWIFT_STANDARD_LIBRARIES = YES;
				BUNDLE_LOADER = "$(TEST_HOST)";
				CODE_SIGN_STYLE = Automatic;
				CURRENT_PROJECT_VERSION = 1;
				GENERATE_INFOPLIST_FILE = YES;
				IPHONEOS_DEPLOYMENT_TARGET = 15.5;
				MARKETING_VERSION = 1.0;
				PRODUCT_BUNDLE_IDENTIFIER = com.falkaniere.playlistTests;
				PRODUCT_NAME = "$(TARGET_NAME)";
				SWIFT_EMIT_LOC_STRINGS = NO;
				SWIFT_VERSION = 5.0;
				TARGETED_DEVICE_FAMILY = "1,2";
				TEST_HOST = "$(BUILT_PRODUCTS_DIR)/playlist.app/playlist";
			};
			name = Debug;
		};
		654887BD297F3EEF00B8D157 /* Release */ = {
			isa = XCBuildConfiguration;
			buildSettings = {
				ALWAYS_EMBED_SWIFT_STANDARD_LIBRARIES = YES;
				BUNDLE_LOADER = "$(TEST_HOST)";
				CODE_SIGN_STYLE = Automatic;
				CURRENT_PROJECT_VERSION = 1;
				GENERATE_INFOPLIST_FILE = YES;
				IPHONEOS_DEPLOYMENT_TARGET = 15.5;
				MARKETING_VERSION = 1.0;
				PRODUCT_BUNDLE_IDENTIFIER = com.falkaniere.playlistTests;
				PRODUCT_NAME = "$(TARGET_NAME)";
				SWIFT_EMIT_LOC_STRINGS = NO;
				SWIFT_VERSION = 5.0;
				TARGETED_DEVICE_FAMILY = "1,2";
				TEST_HOST = "$(BUILT_PRODUCTS_DIR)/playlist.app/playlist";
			};
			name = Release;
		};
		654887BF297F3EEF00B8D157 /* Debug */ = {
			isa = XCBuildConfiguration;
			buildSettings = {
				ALWAYS_EMBED_SWIFT_STANDARD_LIBRARIES = YES;
				CODE_SIGN_STYLE = Automatic;
				CURRENT_PROJECT_VERSION = 1;
				GENERATE_INFOPLIST_FILE = YES;
				MARKETING_VERSION = 1.0;
				PRODUCT_BUNDLE_IDENTIFIER = com.falkaniere.playlistUITests;
				PRODUCT_NAME = "$(TARGET_NAME)";
				SWIFT_EMIT_LOC_STRINGS = NO;
				SWIFT_VERSION = 5.0;
				TARGETED_DEVICE_FAMILY = "1,2";
				TEST_TARGET_NAME = playlist;
			};
			name = Debug;
		};
		654887C0297F3EEF00B8D157 /* Release */ = {
			isa = XCBuildConfiguration;
			buildSettings = {
				ALWAYS_EMBED_SWIFT_STANDARD_LIBRARIES = YES;
				CODE_SIGN_STYLE = Automatic;
				CURRENT_PROJECT_VERSION = 1;
				GENERATE_INFOPLIST_FILE = YES;
				MARKETING_VERSION = 1.0;
				PRODUCT_BUNDLE_IDENTIFIER = com.falkaniere.playlistUITests;
				PRODUCT_NAME = "$(TARGET_NAME)";
				SWIFT_EMIT_LOC_STRINGS = NO;
				SWIFT_VERSION = 5.0;
				TARGETED_DEVICE_FAMILY = "1,2";
				TEST_TARGET_NAME = playlist;
			};
			name = Release;
		};
/* End XCBuildConfiguration section */

/* Begin XCConfigurationList section */
		6548878F297F3EEF00B8D157 /* Build configuration list for PBXProject "playlist" */ = {
			isa = XCConfigurationList;
			buildConfigurations = (
				654887B6297F3EEF00B8D157 /* Debug */,
				654887B7297F3EEF00B8D157 /* Release */,
			);
			defaultConfigurationIsVisible = 0;
			defaultConfigurationName = Release;
		};
		654887B8297F3EEF00B8D157 /* Build configuration list for PBXNativeTarget "playlist" */ = {
			isa = XCConfigurationList;
			buildConfigurations = (
				654887B9297F3EEF00B8D157 /* Debug */,
				654887BA297F3EEF00B8D157 /* Release */,
			);
			defaultConfigurationIsVisible = 0;
			defaultConfigurationName = Release;
		};
		654887BB297F3EEF00B8D157 /* Build configuration list for PBXNativeTarget "playlistTests" */ = {
			isa = XCConfigurationList;
			buildConfigurations = (
				654887BC297F3EEF00B8D157 /* Debug */,
				654887BD297F3EEF00B8D157 /* Release */,
			);
			defaultConfigurationIsVisible = 0;
			defaultConfigurationName = Release;
		};
		654887BE297F3EEF00B8D157 /* Build configuration list for PBXNativeTarget "playlistUITests" */ = {
			isa = XCConfigurationList;
			buildConfigurations = (
				654887BF297F3EEF00B8D157 /* Debug */,
				654887C0297F3EEF00B8D157 /* Release */,
			);
			defaultConfigurationIsVisible = 0;
			defaultConfigurationName = Release;
		};
/* End XCConfigurationList section */

/* Begin XCRemoteSwiftPackageReference section */
		65B6117E29884AA900342EF1 /* XCRemoteSwiftPackageReference "firebase-ios-sdk" */ = {
			isa = XCRemoteSwiftPackageReference;
			repositoryURL = "https://github.com/firebase/firebase-ios-sdk.git";
			requirement = {
				kind = upToNextMajorVersion;
				minimumVersion = 9.0.0;
			};
		};
/* End XCRemoteSwiftPackageReference section */

/* Begin XCSwiftPackageProductDependency section */
		65A7438B29C52C30008550E0 /* FirebaseAuth */ = {
			isa = XCSwiftPackageProductDependency;
			package = 65B6117E29884AA900342EF1 /* XCRemoteSwiftPackageReference "firebase-ios-sdk" */;
			productName = FirebaseAuth;
		};
		65B6117F29884AA900342EF1 /* FirebaseDatabase */ = {
			isa = XCSwiftPackageProductDependency;
			package = 65B6117E29884AA900342EF1 /* XCRemoteSwiftPackageReference "firebase-ios-sdk" */;
			productName = FirebaseDatabase;
		};
		65B6118129884AA900342EF1 /* FirebaseDatabaseSwift */ = {
			isa = XCSwiftPackageProductDependency;
			package = 65B6117E29884AA900342EF1 /* XCRemoteSwiftPackageReference "firebase-ios-sdk" */;
			productName = FirebaseDatabaseSwift;
		};
		65B6118329884AA900342EF1 /* FirebaseFirestore */ = {
			isa = XCSwiftPackageProductDependency;
			package = 65B6117E29884AA900342EF1 /* XCRemoteSwiftPackageReference "firebase-ios-sdk" */;
			productName = FirebaseFirestore;
		};
		65B6118529884AA900342EF1 /* FirebaseFirestoreCombine-Community */ = {
			isa = XCSwiftPackageProductDependency;
			package = 65B6117E29884AA900342EF1 /* XCRemoteSwiftPackageReference "firebase-ios-sdk" */;
			productName = "FirebaseFirestoreCombine-Community";
		};
		65B6118729884AA900342EF1 /* FirebaseFirestoreSwift */ = {
			isa = XCSwiftPackageProductDependency;
			package = 65B6117E29884AA900342EF1 /* XCRemoteSwiftPackageReference "firebase-ios-sdk" */;
			productName = FirebaseFirestoreSwift;
		};
/* End XCSwiftPackageProductDependency section */
	};
	rootObject = 6548878C297F3EEF00B8D157 /* Project object */;
}
